
Microsoft Visual Studio Solution File, Format Version 12.00
# Visual Studio Version 17
VisualStudioVersion = 17.8.34511.84
MinimumVisualStudioVersion = 10.0.40219.1
Project("{FAE04EC0-301F-11D3-BF4B-00C04F79EFBC}") = "BookworkWeb", "BookworkWeb\BookworkWeb.csproj", "{92D8B7F8-0AB2-4F36-850E-08FBA715C04E}"
EndProject
Global
	GlobalSection(SolutionConfigurationPlatforms) = preSolution
		Debug|Any CPU = Debug|Any CPU
		Release|Any CPU = Release|Any CPU
	EndGlobalSection
	GlobalSection(ProjectConfigurationPlatforms) = postSolution
		{92D8B7F8-0AB2-4F36-850E-08FBA715C04E}.Debug|Any CPU.ActiveCfg = Debug|Any CPU
		{92D8B7F8-0AB2-4F36-850E-08FBA715C04E}.Debug|Any CPU.Build.0 = Debug|Any CPU
		{92D8B7F8-0AB2-4F36-850E-08FBA715C04E}.Release|Any CPU.ActiveCfg = Release|Any CPU
		{92D8B7F8-0AB2-4F36-850E-08FBA715C04E}.Release|Any CPU.Build.0 = Release|Any CPU
	EndGlobalSection
	GlobalSection(SolutionProperties) = preSolution
		HideSolutionNode = FALSE
	EndGlobalSection
	GlobalSection(ExtensibilityGlobals) = postSolution
		SolutionGuid = {C27B34E8-0A62-4F04-B032-C25A72439B6A}
	EndGlobalSection
EndGlobal
